{"1.1.0",
[{<<"crc32cer">>,{pkg,<<"crc32cer">>,<<"0.1.3">>},0},
 {<<"erlwater">>,
  {git,"https://github.com/skulup/erlwater.git",
       {ref,"db469608201a8476491ab2a9fe08524cc56197a0"}},
  0},
 {<<"gpb">>,{pkg,<<"gpb">>,<<"4.10.6">>},0}]}.
[
{pkg_hash,[
 {<<"crc32cer">>, <<"8984906C4B4FAE6AA292C48F286A1C83B19AD44BD102287ACB94D696015967CE">>},
 {<<"gpb">>, <<"B3A63111C914DDBF74B9C7CF813F7BA4CC26F8A8A630B6A418202119ADD146B4">>}]}
].
